
Microsoft Visual Studio Solution File, Format Version 12.00
Project("{2150E333-8FDC-42A3-9474-1A3956D46DE8}") = "Backend", "Backend", "{EA9E4FE4-CF97-4E0C-A1B9-0BEA5A2DFDF3}"
EndProject
Project("{2150E333-8FDC-42A3-9474-1A3956D46DE8}") = "Frontend", "Frontend", "{396B930A-2D82-45C5-9285-8578118A7286}"
EndProject
Project("{2150E333-8FDC-42A3-9474-1A3956D46DE8}") = "Shared", "Shared", "{48292210-E81B-4234-B754-342BC260340F}"
EndProject
Project("{2150E333-8FDC-42A3-9474-1A3956D46DE8}") = "Core", "Core", "{9842FDF9-DD88-4F9C-86E2-5B4CD3A0B57D}"
EndProject
Project("{2150E333-8FDC-42A3-9474-1A3956D46DE8}") = "Infrastructure", "Infrastructure", "{8FE1D941-B12F-4A2E-88B8-7478FE0EB968}"
EndProject
Project("{2150E333-8FDC-42A3-9474-1A3956D46DE8}") = "Web", "Web", "{E9575800-FFB8-4F17-B404-6643940A99E4}"
EndProject
Project("{2150E333-8FDC-42A3-9474-1A3956D46DE8}") = "Client", "Client", "{8A2BD831-F3CC-4A71-BB64-3FD536066EC9}"
EndProject
Project("{2150E333-8FDC-42A3-9474-1A3956D46DE8}") = "Shared", "Shared", "{A6D5969B-0424-4F02-843A-0A28EF296125}"
EndProject
Project("{FAE04EC0-301F-11D3-BF4B-00C04F79EFBC}") = "Shared", "Shared\Src\Shared\Shared.csproj", "{E5987D89-7048-4BA4-A051-01B4B7E80F86}"
EndProject
Project("{FAE04EC0-301F-11D3-BF4B-00C04F79EFBC}") = "Client", "Frontend\Src\Client\Client.csproj", "{E52D2D3D-60C2-4B59-AFC8-DBBAFD31FB67}"
EndProject
Project("{2150E333-8FDC-42A3-9474-1A3956D46DE8}") = "Infrastructure", "Infrastructure", "{7614C742-9EAA-422D-BEA4-E24A2C29556D}"
EndProject
Project("{FAE04EC0-301F-11D3-BF4B-00C04F79EFBC}") = "Infrastructure", "Frontend\Src\Infrastructure\Infrastructure.csproj", "{1EC708D7-74E8-4F1C-9CA3-879AEC07A075}"
EndProject
Project("{FAE04EC0-301F-11D3-BF4B-00C04F79EFBC}") = "Application", "Backend\Src\Application\Application.csproj", "{13921DBB-D916-4BEB-83D2-B5A1943E244C}"
EndProject
Project("{FAE04EC0-301F-11D3-BF4B-00C04F79EFBC}") = "Domain", "Backend\Src\Domain\Domain.csproj", "{C7BC6594-3700-4E82-92B4-EA889BFD4F3A}"
EndProject
Project("{FAE04EC0-301F-11D3-BF4B-00C04F79EFBC}") = "Infrastructure", "Backend\Src\Infrastructure\Infrastructure.csproj", "{E2B0CBDE-D6D3-4F63-8DE7-49FBD8D2607F}"
EndProject
Project("{FAE04EC0-301F-11D3-BF4B-00C04F79EFBC}") = "Server", "Backend\Src\Server\Server.csproj", "{25E820B9-EB8B-4EF0-8D65-EE09A2ADDCB3}"
EndProject
Global
	GlobalSection(SolutionConfigurationPlatforms) = preSolution
		Debug|Any CPU = Debug|Any CPU
		Release|Any CPU = Release|Any CPU
	EndGlobalSection
	GlobalSection(NestedProjects) = preSolution
		{9842FDF9-DD88-4F9C-86E2-5B4CD3A0B57D} = {EA9E4FE4-CF97-4E0C-A1B9-0BEA5A2DFDF3}
		{8FE1D941-B12F-4A2E-88B8-7478FE0EB968} = {EA9E4FE4-CF97-4E0C-A1B9-0BEA5A2DFDF3}
		{E9575800-FFB8-4F17-B404-6643940A99E4} = {EA9E4FE4-CF97-4E0C-A1B9-0BEA5A2DFDF3}
		{8A2BD831-F3CC-4A71-BB64-3FD536066EC9} = {396B930A-2D82-45C5-9285-8578118A7286}
		{A6D5969B-0424-4F02-843A-0A28EF296125} = {48292210-E81B-4234-B754-342BC260340F}
		{E5987D89-7048-4BA4-A051-01B4B7E80F86} = {A6D5969B-0424-4F02-843A-0A28EF296125}
		{E52D2D3D-60C2-4B59-AFC8-DBBAFD31FB67} = {8A2BD831-F3CC-4A71-BB64-3FD536066EC9}
		{7614C742-9EAA-422D-BEA4-E24A2C29556D} = {396B930A-2D82-45C5-9285-8578118A7286}
		{1EC708D7-74E8-4F1C-9CA3-879AEC07A075} = {7614C742-9EAA-422D-BEA4-E24A2C29556D}
		{13921DBB-D916-4BEB-83D2-B5A1943E244C} = {9842FDF9-DD88-4F9C-86E2-5B4CD3A0B57D}
		{C7BC6594-3700-4E82-92B4-EA889BFD4F3A} = {9842FDF9-DD88-4F9C-86E2-5B4CD3A0B57D}
		{E2B0CBDE-D6D3-4F63-8DE7-49FBD8D2607F} = {8FE1D941-B12F-4A2E-88B8-7478FE0EB968}
		{25E820B9-EB8B-4EF0-8D65-EE09A2ADDCB3} = {E9575800-FFB8-4F17-B404-6643940A99E4}
	EndGlobalSection
	GlobalSection(ProjectConfigurationPlatforms) = postSolution
		{E5987D89-7048-4BA4-A051-01B4B7E80F86}.Debug|Any CPU.ActiveCfg = Debug|Any CPU
		{E5987D89-7048-4BA4-A051-01B4B7E80F86}.Debug|Any CPU.Build.0 = Debug|Any CPU
		{E5987D89-7048-4BA4-A051-01B4B7E80F86}.Release|Any CPU.ActiveCfg = Release|Any CPU
		{E5987D89-7048-4BA4-A051-01B4B7E80F86}.Release|Any CPU.Build.0 = Release|Any CPU
		{E52D2D3D-60C2-4B59-AFC8-DBBAFD31FB67}.Debug|Any CPU.ActiveCfg = Debug|Any CPU
		{E52D2D3D-60C2-4B59-AFC8-DBBAFD31FB67}.Debug|Any CPU.Build.0 = Debug|Any CPU
		{E52D2D3D-60C2-4B59-AFC8-DBBAFD31FB67}.Release|Any CPU.ActiveCfg = Release|Any CPU
		{E52D2D3D-60C2-4B59-AFC8-DBBAFD31FB67}.Release|Any CPU.Build.0 = Release|Any CPU
		{1EC708D7-74E8-4F1C-9CA3-879AEC07A075}.Debug|Any CPU.ActiveCfg = Debug|Any CPU
		{1EC708D7-74E8-4F1C-9CA3-879AEC07A075}.Debug|Any CPU.Build.0 = Debug|Any CPU
		{1EC708D7-74E8-4F1C-9CA3-879AEC07A075}.Release|Any CPU.ActiveCfg = Release|Any CPU
		{1EC708D7-74E8-4F1C-9CA3-879AEC07A075}.Release|Any CPU.Build.0 = Release|Any CPU
		{13921DBB-D916-4BEB-83D2-B5A1943E244C}.Debug|Any CPU.ActiveCfg = Debug|Any CPU
		{13921DBB-D916-4BEB-83D2-B5A1943E244C}.Debug|Any CPU.Build.0 = Debug|Any CPU
		{13921DBB-D916-4BEB-83D2-B5A1943E244C}.Release|Any CPU.ActiveCfg = Release|Any CPU
		{13921DBB-D916-4BEB-83D2-B5A1943E244C}.Release|Any CPU.Build.0 = Release|Any CPU
		{C7BC6594-3700-4E82-92B4-EA889BFD4F3A}.Debug|Any CPU.ActiveCfg = Debug|Any CPU
		{C7BC6594-3700-4E82-92B4-EA889BFD4F3A}.Debug|Any CPU.Build.0 = Debug|Any CPU
		{C7BC6594-3700-4E82-92B4-EA889BFD4F3A}.Release|Any CPU.ActiveCfg = Release|Any CPU
		{C7BC6594-3700-4E82-92B4-EA889BFD4F3A}.Release|Any CPU.Build.0 = Release|Any CPU
		{E2B0CBDE-D6D3-4F63-8DE7-49FBD8D2607F}.Debug|Any CPU.ActiveCfg = Debug|Any CPU
		{E2B0CBDE-D6D3-4F63-8DE7-49FBD8D2607F}.Debug|Any CPU.Build.0 = Debug|Any CPU
		{E2B0CBDE-D6D3-4F63-8DE7-49FBD8D2607F}.Release|Any CPU.ActiveCfg = Release|Any CPU
		{E2B0CBDE-D6D3-4F63-8DE7-49FBD8D2607F}.Release|Any CPU.Build.0 = Release|Any CPU
		{25E820B9-EB8B-4EF0-8D65-EE09A2ADDCB3}.Debug|Any CPU.ActiveCfg = Debug|Any CPU
		{25E820B9-EB8B-4EF0-8D65-EE09A2ADDCB3}.Debug|Any CPU.Build.0 = Debug|Any CPU
		{25E820B9-EB8B-4EF0-8D65-EE09A2ADDCB3}.Release|Any CPU.ActiveCfg = Release|Any CPU
		{25E820B9-EB8B-4EF0-8D65-EE09A2ADDCB3}.Release|Any CPU.Build.0 = Release|Any CPU
	EndGlobalSection
EndGlobal
